Microsoft Visual Studio Solution File, Format Version 12.00
# Visual Studio Version 17
VisualStudioVersion = 17.5.2.0
MinimumVisualStudioVersion = 10.0.40219.1
Project("{FAE04EC0-301F-11D3-BF4B-00C04F79EFBC}") = "03_CodeAssessment_Student_EV_System", "03_CodeAssessment_Student_EV_System.csproj", "{FDF9633B-332D-0E4B-17B6-1C99F0541126}"
EndProject
Global
	GlobalSection(SolutionConfigurationPlatforms) = preSolution
		Debug|Any CPU = Debug|Any CPU
		Release|Any CPU = Release|Any CPU
	EndGlobalSection
	GlobalSection(ProjectConfigurationPlatforms) = postSolution
		{FDF9633B-332D-0E4B-17B6-1C99F0541126}.Debug|Any CPU.ActiveCfg = Debug|Any CPU
		{FDF9633B-332D-0E4B-17B6-1C99F0541126}.Debug|Any CPU.Build.0 = Debug|Any CPU
		{FDF9633B-332D-0E4B-17B6-1C99F0541126}.Release|Any CPU.ActiveCfg = Release|Any CPU
		{FDF9633B-332D-0E4B-17B6-1C99F0541126}.Release|Any CPU.Build.0 = Release|Any CPU
	EndGlobalSection
	GlobalSection(SolutionProperties) = preSolution
		HideSolutionNode = FALSE
	EndGlobalSection
	GlobalSection(ExtensibilityGlobals) = postSolution
		SolutionGuid = {04B82962-F349-4379-A692-28E4819424BA}
	EndGlobalSection
EndGlobal
