Microsoft Visual Studio Solution File, Format Version 12.00
# Visual Studio Version 17
VisualStudioVersion = 17.5.2.0
MinimumVisualStudioVersion = 10.0.40219.1
Project("{FAE04EC0-301F-11D3-BF4B-00C04F79EFBC}") = "task_constructor", "task_constructor.csproj", "{BC469819-DDA3-0307-9919-DF2BFC982D8D}"
EndProject
Global
	GlobalSection(SolutionConfigurationPlatforms) = preSolution
		Debug|Any CPU = Debug|Any CPU
		Release|Any CPU = Release|Any CPU
	EndGlobalSection
	GlobalSection(ProjectConfigurationPlatforms) = postSolution
		{BC469819-DDA3-0307-9919-DF2BFC982D8D}.Debug|Any CPU.ActiveCfg = Debug|Any CPU
		{BC469819-DDA3-0307-9919-DF2BFC982D8D}.Debug|Any CPU.Build.0 = Debug|Any CPU
		{BC469819-DDA3-0307-9919-DF2BFC982D8D}.Release|Any CPU.ActiveCfg = Release|Any CPU
		{BC469819-DDA3-0307-9919-DF2BFC982D8D}.Release|Any CPU.Build.0 = Release|Any CPU
	EndGlobalSection
	GlobalSection(SolutionProperties) = preSolution
		HideSolutionNode = FALSE
	EndGlobalSection
	GlobalSection(ExtensibilityGlobals) = postSolution
		SolutionGuid = {E1215FEC-9FE8-4528-9425-0706F1A96406}
	EndGlobalSection
EndGlobal
