Microsoft Visual Studio Solution File, Format Version 12.00
# Visual Studio Version 17
VisualStudioVersion = 17.5.2.0
MinimumVisualStudioVersion = 10.0.40219.1
Project("{FAE04EC0-301F-11D3-BF4B-00C04F79EFBC}") = "task_12", "task_12.csproj", "{E672E8E3-C854-8509-43B5-293A7A3299C4}"
EndProject
Global
	GlobalSection(SolutionConfigurationPlatforms) = preSolution
		Debug|Any CPU = Debug|Any CPU
		Release|Any CPU = Release|Any CPU
	EndGlobalSection
	GlobalSection(ProjectConfigurationPlatforms) = postSolution
		{E672E8E3-C854-8509-43B5-293A7A3299C4}.Debug|Any CPU.ActiveCfg = Debug|Any CPU
		{E672E8E3-C854-8509-43B5-293A7A3299C4}.Debug|Any CPU.Build.0 = Debug|Any CPU
		{E672E8E3-C854-8509-43B5-293A7A3299C4}.Release|Any CPU.ActiveCfg = Release|Any CPU
		{E672E8E3-C854-8509-43B5-293A7A3299C4}.Release|Any CPU.Build.0 = Release|Any CPU
	EndGlobalSection
	GlobalSection(SolutionProperties) = preSolution
		HideSolutionNode = FALSE
	EndGlobalSection
	GlobalSection(ExtensibilityGlobals) = postSolution
		SolutionGuid = {81387958-D5E2-4EBC-89C5-073B9B8D2867}
	EndGlobalSection
EndGlobal
