Microsoft Visual Studio Solution File, Format Version 12.00
# Visual Studio Version 17
VisualStudioVersion = 17.5.2.0
MinimumVisualStudioVersion = 10.0.40219.1
Project("{FAE04EC0-301F-11D3-BF4B-00C04F79EFBC}") = "constructorOverloading", "constructorOverloading.csproj", "{FC7CE47E-6E04-EF73-D990-FA147D8FE845}"
EndProject
Global
	GlobalSection(SolutionConfigurationPlatforms) = preSolution
		Debug|Any CPU = Debug|Any CPU
		Release|Any CPU = Release|Any CPU
	EndGlobalSection
	GlobalSection(ProjectConfigurationPlatforms) = postSolution
		{FC7CE47E-6E04-EF73-D990-FA147D8FE845}.Debug|Any CPU.ActiveCfg = Debug|Any CPU
		{FC7CE47E-6E04-EF73-D990-FA147D8FE845}.Debug|Any CPU.Build.0 = Debug|Any CPU
		{FC7CE47E-6E04-EF73-D990-FA147D8FE845}.Release|Any CPU.ActiveCfg = Release|Any CPU
		{FC7CE47E-6E04-EF73-D990-FA147D8FE845}.Release|Any CPU.Build.0 = Release|Any CPU
	EndGlobalSection
	GlobalSection(SolutionProperties) = preSolution
		HideSolutionNode = FALSE
	EndGlobalSection
	GlobalSection(ExtensibilityGlobals) = postSolution
		SolutionGuid = {8940C0B4-53A3-4A10-86A7-A32F076ADF04}
	EndGlobalSection
EndGlobal
